
Microsoft Visual Studio Solution File, Format Version 12.00
# Visual Studio Version 17
VisualStudioVersion = 17.8.34601.278
MinimumVisualStudioVersion = 10.0.40219.1
Project("{2150E333-8FDC-42A3-9474-1A3956D46DE8}") = "Tests", "Tests", "{555E4542-94D4-464E-ADDE-3C0F21EA152F}"
EndProject
Project("{9A19103F-16F7-4668-BE54-9A1E7A4F7556}") = "Prometheus.Modules.ModuleName.Tests", "Tests\Prometheus.Modules.ModuleName.Tests\Prometheus.Modules.ModuleName.Tests.csproj", "{C1A07A94-886B-4DB6-A318-DAD5A4AA6A2B}"
EndProject
Project("{2150E333-8FDC-42A3-9474-1A3956D46DE8}") = "Modules", "Modules", "{2F7FCD7A-248D-48BA-8D3C-D7BE0CBAF33C}"
EndProject
Project("{2150E333-8FDC-42A3-9474-1A3956D46DE8}") = "Services", "Services", "{24801C96-918D-4DFC-8BDC-32CFBF5BCA38}"
EndProject
Project("{9A19103F-16F7-4668-BE54-9A1E7A4F7556}") = "Prometheus.Services", "Services\Prometheus.Services\Prometheus.Services.csproj", "{A98233C7-E09D-47E8-979F-69EA29A04702}"
EndProject
Project("{9A19103F-16F7-4668-BE54-9A1E7A4F7556}") = "Prometheus.Services.Interfaces", "Services\Prometheus.Services.Interfaces\Prometheus.Services.Interfaces.csproj", "{26EF3D35-359C-423A-8AA9-C7671E930313}"
EndProject
Project("{9A19103F-16F7-4668-BE54-9A1E7A4F7556}") = "Prometheus", "Prometheus\Prometheus.csproj", "{D7D7C2C9-46D3-4CC8-BFBF-3B4875569B8E}"
EndProject
Project("{9A19103F-16F7-4668-BE54-9A1E7A4F7556}") = "Prometheus.Core", "Prometheus.Core\Prometheus.Core.csproj", "{1F9C087F-EC2E-4C8B-A8B4-C3416B977013}"
EndProject
Project("{9A19103F-16F7-4668-BE54-9A1E7A4F7556}") = "Prometheus.Modules.Match", "Prometheus.Modules.Match\Prometheus.Modules.Match.csproj", "{D197FB72-713A-4D45-8EC6-13D078EFD031}"
EndProject
Project("{9A19103F-16F7-4668-BE54-9A1E7A4F7556}") = "Prometheus.Modules.Summoner", "Prometheus.Modules.Summoner\Prometheus.Modules.Summoner.csproj", "{E1CFCB64-8EF5-47BE-BE7B-A598D6DBFCA0}"
EndProject
Project("{9A19103F-16F7-4668-BE54-9A1E7A4F7556}") = "Prometheus.Modules.Home", "Prometheus.Modules.Home\Prometheus.Modules.Home.csproj", "{7097DAA7-01A5-4167-8FC6-2988B74A3C19}"
EndProject
Project("{9A19103F-16F7-4668-BE54-9A1E7A4F7556}") = "Prometheus.Modules.Utility", "Prometheus.Modules.Utility\Prometheus.Modules.Utility.csproj", "{710DD36E-5C01-4974-AF58-345FDE79D202}"
EndProject
Project("{9A19103F-16F7-4668-BE54-9A1E7A4F7556}") = "Prometheus.Modules.Inventory", "Prometheus.Modules.Inventory\Prometheus.Modules.Inventory.csproj", "{5BF1C97B-4216-464C-B33C-9206A052DF7E}"
EndProject
Project("{9A19103F-16F7-4668-BE54-9A1E7A4F7556}") = "Prometheus.Modules.Setting", "Prometheus.Modules.Setting\Prometheus.Modules.Setting.csproj", "{C37B8962-FBA7-4FA6-A81B-F9460A0FD89E}"
EndProject
Project("{9A19103F-16F7-4668-BE54-9A1E7A4F7556}") = "Prometheus.Modules.Search", "Prometheus.Modules.Search\Prometheus.Modules.Search.csproj", "{33E10705-0DDD-437B-B1C6-AB409B587172}"
EndProject
Project("{9A19103F-16F7-4668-BE54-9A1E7A4F7556}") = "Prometheus.Shared", "Prometheus.Shared\Prometheus.Shared.csproj", "{0D7DB30E-6847-4095-9E9B-7464057D6829}"
EndProject
Project("{FAE04EC0-301F-11D3-BF4B-00C04F79EFBC}") = "Prometheus.Updater", "Prometheus.Updater\Prometheus.Updater.csproj", "{7DAB49C5-991C-498E-849F-E528C30677C6}"
EndProject
Global
	GlobalSection(SolutionConfigurationPlatforms) = preSolution
		Debug|Any CPU = Debug|Any CPU
		Release|Any CPU = Release|Any CPU
	EndGlobalSection
	GlobalSection(ProjectConfigurationPlatforms) = postSolution
		{C1A07A94-886B-4DB6-A318-DAD5A4AA6A2B}.Debug|Any CPU.ActiveCfg = Debug|Any CPU
		{C1A07A94-886B-4DB6-A318-DAD5A4AA6A2B}.Debug|Any CPU.Build.0 = Debug|Any CPU
		{C1A07A94-886B-4DB6-A318-DAD5A4AA6A2B}.Release|Any CPU.ActiveCfg = Release|Any CPU
		{C1A07A94-886B-4DB6-A318-DAD5A4AA6A2B}.Release|Any CPU.Build.0 = Release|Any CPU
		{A98233C7-E09D-47E8-979F-69EA29A04702}.Debug|Any CPU.ActiveCfg = Debug|Any CPU
		{A98233C7-E09D-47E8-979F-69EA29A04702}.Debug|Any CPU.Build.0 = Debug|Any CPU
		{A98233C7-E09D-47E8-979F-69EA29A04702}.Release|Any CPU.ActiveCfg = Release|Any CPU
		{A98233C7-E09D-47E8-979F-69EA29A04702}.Release|Any CPU.Build.0 = Release|Any CPU
		{26EF3D35-359C-423A-8AA9-C7671E930313}.Debug|Any CPU.ActiveCfg = Debug|Any CPU
		{26EF3D35-359C-423A-8AA9-C7671E930313}.Debug|Any CPU.Build.0 = Debug|Any CPU
		{26EF3D35-359C-423A-8AA9-C7671E930313}.Release|Any CPU.ActiveCfg = Release|Any CPU
		{26EF3D35-359C-423A-8AA9-C7671E930313}.Release|Any CPU.Build.0 = Release|Any CPU
		{D7D7C2C9-46D3-4CC8-BFBF-3B4875569B8E}.Debug|Any CPU.ActiveCfg = Debug|Any CPU
		{D7D7C2C9-46D3-4CC8-BFBF-3B4875569B8E}.Debug|Any CPU.Build.0 = Debug|Any CPU
		{D7D7C2C9-46D3-4CC8-BFBF-3B4875569B8E}.Release|Any CPU.ActiveCfg = Release|Any CPU
		{D7D7C2C9-46D3-4CC8-BFBF-3B4875569B8E}.Release|Any CPU.Build.0 = Release|Any CPU
		{1F9C087F-EC2E-4C8B-A8B4-C3416B977013}.Debug|Any CPU.ActiveCfg = Debug|Any CPU
		{1F9C087F-EC2E-4C8B-A8B4-C3416B977013}.Debug|Any CPU.Build.0 = Debug|Any CPU
		{1F9C087F-EC2E-4C8B-A8B4-C3416B977013}.Release|Any CPU.ActiveCfg = Release|Any CPU
		{1F9C087F-EC2E-4C8B-A8B4-C3416B977013}.Release|Any CPU.Build.0 = Release|Any CPU
		{D197FB72-713A-4D45-8EC6-13D078EFD031}.Debug|Any CPU.ActiveCfg = Debug|Any CPU
		{D197FB72-713A-4D45-8EC6-13D078EFD031}.Debug|Any CPU.Build.0 = Debug|Any CPU
		{D197FB72-713A-4D45-8EC6-13D078EFD031}.Release|Any CPU.ActiveCfg = Release|Any CPU
		{D197FB72-713A-4D45-8EC6-13D078EFD031}.Release|Any CPU.Build.0 = Release|Any CPU
		{E1CFCB64-8EF5-47BE-BE7B-A598D6DBFCA0}.Debug|Any CPU.ActiveCfg = Debug|Any CPU
		{E1CFCB64-8EF5-47BE-BE7B-A598D6DBFCA0}.Debug|Any CPU.Build.0 = Debug|Any CPU
		{E1CFCB64-8EF5-47BE-BE7B-A598D6DBFCA0}.Release|Any CPU.ActiveCfg = Release|Any CPU
		{E1CFCB64-8EF5-47BE-BE7B-A598D6DBFCA0}.Release|Any CPU.Build.0 = Release|Any CPU
		{7097DAA7-01A5-4167-8FC6-2988B74A3C19}.Debug|Any CPU.ActiveCfg = Debug|Any CPU
		{7097DAA7-01A5-4167-8FC6-2988B74A3C19}.Debug|Any CPU.Build.0 = Debug|Any CPU
		{7097DAA7-01A5-4167-8FC6-2988B74A3C19}.Release|Any CPU.ActiveCfg = Release|Any CPU
		{7097DAA7-01A5-4167-8FC6-2988B74A3C19}.Release|Any CPU.Build.0 = Release|Any CPU
		{710DD36E-5C01-4974-AF58-345FDE79D202}.Debug|Any CPU.ActiveCfg = Debug|Any CPU
		{710DD36E-5C01-4974-AF58-345FDE79D202}.Debug|Any CPU.Build.0 = Debug|Any CPU
		{710DD36E-5C01-4974-AF58-345FDE79D202}.Release|Any CPU.ActiveCfg = Release|Any CPU
		{710DD36E-5C01-4974-AF58-345FDE79D202}.Release|Any CPU.Build.0 = Release|Any CPU
		{5BF1C97B-4216-464C-B33C-9206A052DF7E}.Debug|Any CPU.ActiveCfg = Debug|Any CPU
		{5BF1C97B-4216-464C-B33C-9206A052DF7E}.Debug|Any CPU.Build.0 = Debug|Any CPU
		{5BF1C97B-4216-464C-B33C-9206A052DF7E}.Release|Any CPU.ActiveCfg = Release|Any CPU
		{5BF1C97B-4216-464C-B33C-9206A052DF7E}.Release|Any CPU.Build.0 = Release|Any CPU
		{C37B8962-FBA7-4FA6-A81B-F9460A0FD89E}.Debug|Any CPU.ActiveCfg = Debug|Any CPU
		{C37B8962-FBA7-4FA6-A81B-F9460A0FD89E}.Debug|Any CPU.Build.0 = Debug|Any CPU
		{C37B8962-FBA7-4FA6-A81B-F9460A0FD89E}.Release|Any CPU.ActiveCfg = Release|Any CPU
		{C37B8962-FBA7-4FA6-A81B-F9460A0FD89E}.Release|Any CPU.Build.0 = Release|Any CPU
		{33E10705-0DDD-437B-B1C6-AB409B587172}.Debug|Any CPU.ActiveCfg = Debug|Any CPU
		{33E10705-0DDD-437B-B1C6-AB409B587172}.Debug|Any CPU.Build.0 = Debug|Any CPU
		{33E10705-0DDD-437B-B1C6-AB409B587172}.Release|Any CPU.ActiveCfg = Release|Any CPU
		{33E10705-0DDD-437B-B1C6-AB409B587172}.Release|Any CPU.Build.0 = Release|Any CPU
		{0D7DB30E-6847-4095-9E9B-7464057D6829}.Debug|Any CPU.ActiveCfg = Debug|Any CPU
		{0D7DB30E-6847-4095-9E9B-7464057D6829}.Debug|Any CPU.Build.0 = Debug|Any CPU
		{0D7DB30E-6847-4095-9E9B-7464057D6829}.Release|Any CPU.ActiveCfg = Release|Any CPU
		{0D7DB30E-6847-4095-9E9B-7464057D6829}.Release|Any CPU.Build.0 = Release|Any CPU
		{7DAB49C5-991C-498E-849F-E528C30677C6}.Debug|Any CPU.ActiveCfg = Debug|Any CPU
		{7DAB49C5-991C-498E-849F-E528C30677C6}.Debug|Any CPU.Build.0 = Debug|Any CPU
		{7DAB49C5-991C-498E-849F-E528C30677C6}.Release|Any CPU.ActiveCfg = Release|Any CPU
		{7DAB49C5-991C-498E-849F-E528C30677C6}.Release|Any CPU.Build.0 = Release|Any CPU
	EndGlobalSection
	GlobalSection(SolutionProperties) = preSolution
		HideSolutionNode = FALSE
	EndGlobalSection
	GlobalSection(NestedProjects) = preSolution
		{C1A07A94-886B-4DB6-A318-DAD5A4AA6A2B} = {555E4542-94D4-464E-ADDE-3C0F21EA152F}
		{A98233C7-E09D-47E8-979F-69EA29A04702} = {24801C96-918D-4DFC-8BDC-32CFBF5BCA38}
		{26EF3D35-359C-423A-8AA9-C7671E930313} = {24801C96-918D-4DFC-8BDC-32CFBF5BCA38}
		{D197FB72-713A-4D45-8EC6-13D078EFD031} = {2F7FCD7A-248D-48BA-8D3C-D7BE0CBAF33C}
		{E1CFCB64-8EF5-47BE-BE7B-A598D6DBFCA0} = {2F7FCD7A-248D-48BA-8D3C-D7BE0CBAF33C}
		{7097DAA7-01A5-4167-8FC6-2988B74A3C19} = {2F7FCD7A-248D-48BA-8D3C-D7BE0CBAF33C}
		{710DD36E-5C01-4974-AF58-345FDE79D202} = {2F7FCD7A-248D-48BA-8D3C-D7BE0CBAF33C}
		{5BF1C97B-4216-464C-B33C-9206A052DF7E} = {2F7FCD7A-248D-48BA-8D3C-D7BE0CBAF33C}
		{C37B8962-FBA7-4FA6-A81B-F9460A0FD89E} = {2F7FCD7A-248D-48BA-8D3C-D7BE0CBAF33C}
		{33E10705-0DDD-437B-B1C6-AB409B587172} = {2F7FCD7A-248D-48BA-8D3C-D7BE0CBAF33C}
	EndGlobalSection
	GlobalSection(ExtensibilityGlobals) = postSolution
		SolutionGuid = {E64C70DB-D083-4023-8736-444D63BE697A}
	EndGlobalSection
EndGlobal
